
Microsoft Visual Studio Solution File, Format Version 12.00
# Visual Studio 2015
Project("{FAE04EC0-301F-11D3-BF4B-00C04F79EFBC}") = "UnityVS.Thr3e Repo.CSharp.Plugins", "UnityVS.Thr3e Repo.CSharp.Plugins.csproj", "{788D1EA9-09CC-20A3-0845-AB184FEAB8A0}"
EndProject
Project("{FAE04EC0-301F-11D3-BF4B-00C04F79EFBC}") = "UnityVS.Thr3e Repo.CSharp", "UnityVS.Thr3e Repo.CSharp.csproj", "{FF922B98-71D4-D325-A165-E5FED0EDFFF6}"
EndProject
Project("{FAE04EC0-301F-11D3-BF4B-00C04F79EFBC}") = "UnityVS.Thr3e Repo.CSharp.Editor.Plugins", "UnityVS.Thr3e Repo.CSharp.Editor.Plugins.csproj", "{0F5C71E9-4841-80C2-A39C-0FCE95A0EEB6}"
EndProject
Project("{FAE04EC0-301F-11D3-BF4B-00C04F79EFBC}") = "UnityVS.Thr3e Repo.CSharp.Editor", "UnityVS.Thr3e Repo.CSharp.Editor.csproj", "{38605363-2231-1678-8D69-7EFD168320C8}"
EndProject
Global
	GlobalSection(SolutionConfigurationPlatforms) = preSolution
		Debug|Any CPU = Debug|Any CPU
		Release|Any CPU = Release|Any CPU
	EndGlobalSection
	GlobalSection(ProjectConfigurationPlatforms) = postSolution
		{788D1EA9-09CC-20A3-0845-AB184FEAB8A0}.Debug|Any CPU.ActiveCfg = Debug|Any CPU
		{788D1EA9-09CC-20A3-0845-AB184FEAB8A0}.Debug|Any CPU.Build.0 = Debug|Any CPU
		{788D1EA9-09CC-20A3-0845-AB184FEAB8A0}.Release|Any CPU.ActiveCfg = Release|Any CPU
		{788D1EA9-09CC-20A3-0845-AB184FEAB8A0}.Release|Any CPU.Build.0 = Release|Any CPU
		{FF922B98-71D4-D325-A165-E5FED0EDFFF6}.Debug|Any CPU.ActiveCfg = Debug|Any CPU
		{FF922B98-71D4-D325-A165-E5FED0EDFFF6}.Debug|Any CPU.Build.0 = Debug|Any CPU
		{FF922B98-71D4-D325-A165-E5FED0EDFFF6}.Release|Any CPU.ActiveCfg = Release|Any CPU
		{FF922B98-71D4-D325-A165-E5FED0EDFFF6}.Release|Any CPU.Build.0 = Release|Any CPU
		{0F5C71E9-4841-80C2-A39C-0FCE95A0EEB6}.Debug|Any CPU.ActiveCfg = Debug|Any CPU
		{0F5C71E9-4841-80C2-A39C-0FCE95A0EEB6}.Debug|Any CPU.Build.0 = Debug|Any CPU
		{0F5C71E9-4841-80C2-A39C-0FCE95A0EEB6}.Release|Any CPU.ActiveCfg = Release|Any CPU
		{0F5C71E9-4841-80C2-A39C-0FCE95A0EEB6}.Release|Any CPU.Build.0 = Release|Any CPU
		{38605363-2231-1678-8D69-7EFD168320C8}.Debug|Any CPU.ActiveCfg = Debug|Any CPU
		{38605363-2231-1678-8D69-7EFD168320C8}.Debug|Any CPU.Build.0 = Debug|Any CPU
		{38605363-2231-1678-8D69-7EFD168320C8}.Release|Any CPU.ActiveCfg = Release|Any CPU
		{38605363-2231-1678-8D69-7EFD168320C8}.Release|Any CPU.Build.0 = Release|Any CPU
	EndGlobalSection
	GlobalSection(SolutionProperties) = preSolution
		HideSolutionNode = FALSE
	EndGlobalSection
EndGlobal
